
Microsoft Visual Studio Solution File, Format Version 12.00
# Visual Studio 2015
Project("{FAE04EC0-301F-11D3-BF4B-00C04F79EFBC}") = "The Battle Front", "The Battle Front.csproj", "{869BC664-C552-8B8E-3B2A-2973A6BF86EE}"
EndProject
Global
	GlobalSection(SolutionConfigurationPlatforms) = preSolution
		Debug|Any CPU = Debug|Any CPU
		Release|Any CPU = Release|Any CPU
	EndGlobalSection
	GlobalSection(ProjectConfigurationPlatforms) = postSolution
		{869BC664-C552-8B8E-3B2A-2973A6BF86EE}.Debug|Any CPU.ActiveCfg = Debug|Any CPU
		{869BC664-C552-8B8E-3B2A-2973A6BF86EE}.Debug|Any CPU.Build.0 = Debug|Any CPU
		{869BC664-C552-8B8E-3B2A-2973A6BF86EE}.Release|Any CPU.ActiveCfg = Release|Any CPU
		{869BC664-C552-8B8E-3B2A-2973A6BF86EE}.Release|Any CPU.Build.0 = Release|Any CPU
	EndGlobalSection
	GlobalSection(SolutionProperties) = preSolution
		HideSolutionNode = FALSE
	EndGlobalSection
EndGlobal
